
Microsoft Visual Studio Solution File, Format Version 12.00
# Visual Studio Version 17
VisualStudioVersion = 17.9.34728.123
MinimumVisualStudioVersion = 10.0.40219.1
Project("{FAE04EC0-301F-11D3-BF4B-00C04F79EFBC}") = "Practice2", "Practice2\Practice2.csproj", "{31E400FD-A6CC-456E-A654-76FC6836B070}"
EndProject
Project("{FAE04EC0-301F-11D3-BF4B-00C04F79EFBC}") = "PatientManager", "PatientManager\PatientManager.csproj", "{D005B57F-E353-45C6-A5A8-9ED91EA387B0}"
EndProject
Global
	GlobalSection(SolutionConfigurationPlatforms) = preSolution
		Debug|Any CPU = Debug|Any CPU
		Release|Any CPU = Release|Any CPU
	EndGlobalSection
	GlobalSection(ProjectConfigurationPlatforms) = postSolution
		{31E400FD-A6CC-456E-A654-76FC6836B070}.Debug|Any CPU.ActiveCfg = Debug|Any CPU
		{31E400FD-A6CC-456E-A654-76FC6836B070}.Debug|Any CPU.Build.0 = Debug|Any CPU
		{31E400FD-A6CC-456E-A654-76FC6836B070}.Release|Any CPU.ActiveCfg = Release|Any CPU
		{31E400FD-A6CC-456E-A654-76FC6836B070}.Release|Any CPU.Build.0 = Release|Any CPU
		{D005B57F-E353-45C6-A5A8-9ED91EA387B0}.Debug|Any CPU.ActiveCfg = Debug|Any CPU
		{D005B57F-E353-45C6-A5A8-9ED91EA387B0}.Debug|Any CPU.Build.0 = Debug|Any CPU
		{D005B57F-E353-45C6-A5A8-9ED91EA387B0}.Release|Any CPU.ActiveCfg = Release|Any CPU
		{D005B57F-E353-45C6-A5A8-9ED91EA387B0}.Release|Any CPU.Build.0 = Release|Any CPU
	EndGlobalSection
	GlobalSection(SolutionProperties) = preSolution
		HideSolutionNode = FALSE
	EndGlobalSection
	GlobalSection(ExtensibilityGlobals) = postSolution
		SolutionGuid = {2E670F58-8201-422A-A029-045F42D7A547}
	EndGlobalSection
EndGlobal
